
Microsoft Visual Studio Solution File, Format Version 12.00
# Visual Studio Version 17
VisualStudioVersion = 17.14.36221.1 d17.14
MinimumVisualStudioVersion = 10.0.40219.1
Project("{FAE04EC0-301F-11D3-BF4B-00C04F79EFBC}") = "Processing.Guideline", "Processing.Guideline\Processing.Guideline.csproj", "{00FA75A2-C555-4F75-AACD-45B427881DEF}"
EndProject
Global
	GlobalSection(SolutionConfigurationPlatforms) = preSolution
		Debug|Any CPU = Debug|Any CPU
		Release|Any CPU = Release|Any CPU
	EndGlobalSection
	GlobalSection(ProjectConfigurationPlatforms) = postSolution
		{00FA75A2-C555-4F75-AACD-45B427881DEF}.Debug|Any CPU.ActiveCfg = Debug|Any CPU
		{00FA75A2-C555-4F75-AACD-45B427881DEF}.Debug|Any CPU.Build.0 = Debug|Any CPU
		{00FA75A2-C555-4F75-AACD-45B427881DEF}.Release|Any CPU.ActiveCfg = Release|Any CPU
		{00FA75A2-C555-4F75-AACD-45B427881DEF}.Release|Any CPU.Build.0 = Release|Any CPU
	EndGlobalSection
	GlobalSection(SolutionProperties) = preSolution
		HideSolutionNode = FALSE
	EndGlobalSection
	GlobalSection(ExtensibilityGlobals) = postSolution
		SolutionGuid = {D632CDB8-39A7-4740-B65D-D70138C766D7}
	EndGlobalSection
EndGlobal
