
Microsoft Visual Studio Solution File, Format Version 12.00
# Visual Studio Version 17
VisualStudioVersion = 17.11.35219.272
MinimumVisualStudioVersion = 10.0.40219.1
Project("{FAE04EC0-301F-11D3-BF4B-00C04F79EFBC}") = "ChannelsDemo", "ChannelsDemo\ChannelsDemo.csproj", "{02C54B41-677F-47CD-A612-06CB63B0DA4C}"
EndProject
Global
	GlobalSection(SolutionConfigurationPlatforms) = preSolution
		Debug|Any CPU = Debug|Any CPU
		Release|Any CPU = Release|Any CPU
	EndGlobalSection
	GlobalSection(ProjectConfigurationPlatforms) = postSolution
		{02C54B41-677F-47CD-A612-06CB63B0DA4C}.Debug|Any CPU.ActiveCfg = Debug|Any CPU
		{02C54B41-677F-47CD-A612-06CB63B0DA4C}.Debug|Any CPU.Build.0 = Debug|Any CPU
		{02C54B41-677F-47CD-A612-06CB63B0DA4C}.Release|Any CPU.ActiveCfg = Release|Any CPU
		{02C54B41-677F-47CD-A612-06CB63B0DA4C}.Release|Any CPU.Build.0 = Release|Any CPU
	EndGlobalSection
	GlobalSection(SolutionProperties) = preSolution
		HideSolutionNode = FALSE
	EndGlobalSection
	GlobalSection(ExtensibilityGlobals) = postSolution
		SolutionGuid = {FA7D17B5-E2D0-4763-A3E9-FEACF7DE14E2}
	EndGlobalSection
EndGlobal
